
Microsoft Visual Studio Solution File, Format Version 12.00
# Visual Studio Version 17
VisualStudioVersion = 17.13.35931.197 d17.13
MinimumVisualStudioVersion = 10.0.40219.1
Project("{FAE04EC0-301F-11D3-BF4B-00C04F79EFBC}") = "Stat reset", "Stat reset\Stat reset.csproj", "{EF700FC4-E316-4F24-A12B-D9D725C7E137}"
EndProject
Global
	GlobalSection(SolutionConfigurationPlatforms) = preSolution
		Debug|Any CPU = Debug|Any CPU
		Release|Any CPU = Release|Any CPU
	EndGlobalSection
	GlobalSection(ProjectConfigurationPlatforms) = postSolution
		{EF700FC4-E316-4F24-A12B-D9D725C7E137}.Debug|Any CPU.ActiveCfg = Debug|Any CPU
		{EF700FC4-E316-4F24-A12B-D9D725C7E137}.Debug|Any CPU.Build.0 = Debug|Any CPU
		{EF700FC4-E316-4F24-A12B-D9D725C7E137}.Release|Any CPU.ActiveCfg = Release|Any CPU
		{EF700FC4-E316-4F24-A12B-D9D725C7E137}.Release|Any CPU.Build.0 = Release|Any CPU
	EndGlobalSection
	GlobalSection(SolutionProperties) = preSolution
		HideSolutionNode = FALSE
	EndGlobalSection
	GlobalSection(ExtensibilityGlobals) = postSolution
		SolutionGuid = {6E781809-D362-431B-8CD6-9957E9548EEA}
	EndGlobalSection
EndGlobal
